
Microsoft Visual Studio Solution File, Format Version 12.00
# Visual Studio Version 17
VisualStudioVersion = 17.9.34728.123
MinimumVisualStudioVersion = 10.0.40219.1
Project("{9A19103F-16F7-4668-BE54-9A1E7A4F7556}") = "Semestralna_Praca1", "Semestralna_Praca1\Semestralna_Praca1.csproj", "{26E64F58-46AF-4826-B66A-24AE77A517BF}"
EndProject
Project("{9A19103F-16F7-4668-BE54-9A1E7A4F7556}") = "GUIAuS2", "GUIAuS2\GUIAuS2.csproj", "{C1615D71-D7AB-4FF3-9CC1-8B717A47DA18}"
EndProject
Project("{9A19103F-16F7-4668-BE54-9A1E7A4F7556}") = "AuS2_WebApp", "AuS2_WebApp\AuS2_WebApp.csproj", "{95C6F899-411B-44FB-85EB-2A0A5B2BADE2}"
EndProject
Global
	GlobalSection(SolutionConfigurationPlatforms) = preSolution
		Debug|Any CPU = Debug|Any CPU
		Release|Any CPU = Release|Any CPU
	EndGlobalSection
	GlobalSection(ProjectConfigurationPlatforms) = postSolution
		{26E64F58-46AF-4826-B66A-24AE77A517BF}.Debug|Any CPU.ActiveCfg = Debug|Any CPU
		{26E64F58-46AF-4826-B66A-24AE77A517BF}.Debug|Any CPU.Build.0 = Debug|Any CPU
		{26E64F58-46AF-4826-B66A-24AE77A517BF}.Release|Any CPU.ActiveCfg = Release|Any CPU
		{26E64F58-46AF-4826-B66A-24AE77A517BF}.Release|Any CPU.Build.0 = Release|Any CPU
		{C1615D71-D7AB-4FF3-9CC1-8B717A47DA18}.Debug|Any CPU.ActiveCfg = Debug|Any CPU
		{C1615D71-D7AB-4FF3-9CC1-8B717A47DA18}.Debug|Any CPU.Build.0 = Debug|Any CPU
		{C1615D71-D7AB-4FF3-9CC1-8B717A47DA18}.Release|Any CPU.ActiveCfg = Release|Any CPU
		{C1615D71-D7AB-4FF3-9CC1-8B717A47DA18}.Release|Any CPU.Build.0 = Release|Any CPU
		{95C6F899-411B-44FB-85EB-2A0A5B2BADE2}.Debug|Any CPU.ActiveCfg = Debug|Any CPU
		{95C6F899-411B-44FB-85EB-2A0A5B2BADE2}.Debug|Any CPU.Build.0 = Debug|Any CPU
		{95C6F899-411B-44FB-85EB-2A0A5B2BADE2}.Release|Any CPU.ActiveCfg = Release|Any CPU
		{95C6F899-411B-44FB-85EB-2A0A5B2BADE2}.Release|Any CPU.Build.0 = Release|Any CPU
	EndGlobalSection
	GlobalSection(SolutionProperties) = preSolution
		HideSolutionNode = FALSE
	EndGlobalSection
	GlobalSection(ExtensibilityGlobals) = postSolution
		SolutionGuid = {77FFFA85-438E-4D03-950B-BCB3258C5716}
	EndGlobalSection
EndGlobal
